
Microsoft Visual Studio Solution File, Format Version 11.00
# Visual Studio 2010
Project("{FAE04EC0-301F-11D3-BF4B-00C04F79EFBC}") = "uno", "uno\uno.csproj", "{9A19B240-BBBD-4A1E-94A3-E9E62B389985}"
EndProject
Global
	GlobalSection(SolutionConfigurationPlatforms) = preSolution
		Debug|x86 = Debug|x86
		Release|x86 = Release|x86
	EndGlobalSection
	GlobalSection(ProjectConfigurationPlatforms) = postSolution
		{9A19B240-BBBD-4A1E-94A3-E9E62B389985}.Debug|x86.ActiveCfg = Debug|x86
		{9A19B240-BBBD-4A1E-94A3-E9E62B389985}.Debug|x86.Build.0 = Debug|x86
		{9A19B240-BBBD-4A1E-94A3-E9E62B389985}.Release|x86.ActiveCfg = Release|x86
		{9A19B240-BBBD-4A1E-94A3-E9E62B389985}.Release|x86.Build.0 = Release|x86
	EndGlobalSection
	GlobalSection(SolutionProperties) = preSolution
		HideSolutionNode = FALSE
	EndGlobalSection
EndGlobal
